
Microsoft Visual Studio Solution File, Format Version 12.00
# Visual Studio Version 17
VisualStudioVersion = 17.14.36623.8
MinimumVisualStudioVersion = 10.0.40219.1
Project("{FAE04EC0-301F-11D3-BF4B-00C04F79EFBC}") = "Programa 0", "Programa 0\Programa 0.csproj", "{F549234D-A802-4254-BADC-938B902DD888}"
EndProject
Project("{FAE04EC0-301F-11D3-BF4B-00C04F79EFBC}") = "Programa 01", "Programa 01\Programa 01.csproj", "{AC7C92E7-74C5-412D-8EFB-B976B51B82A0}"
EndProject
Project("{FAE04EC0-301F-11D3-BF4B-00C04F79EFBC}") = "Program 02", "Program 02\Program 02.csproj", "{051579DE-AFB9-4975-BAD3-7A25E98BE12E}"
EndProject
Project("{FAE04EC0-301F-11D3-BF4B-00C04F79EFBC}") = "Program 03", "Program 03\Program 03.csproj", "{C537C6C6-6C74-4823-BE9C-218B13DB38B7}"
EndProject
Project("{FAE04EC0-301F-11D3-BF4B-00C04F79EFBC}") = "Program 04", "Program 04\Program 04.csproj", "{49B2086C-038B-4826-BECA-1B08A5850D64}"
EndProject
Global
	GlobalSection(SolutionConfigurationPlatforms) = preSolution
		Debug|Any CPU = Debug|Any CPU
		Release|Any CPU = Release|Any CPU
	EndGlobalSection
	GlobalSection(ProjectConfigurationPlatforms) = postSolution
		{F549234D-A802-4254-BADC-938B902DD888}.Debug|Any CPU.ActiveCfg = Debug|Any CPU
		{F549234D-A802-4254-BADC-938B902DD888}.Debug|Any CPU.Build.0 = Debug|Any CPU
		{F549234D-A802-4254-BADC-938B902DD888}.Release|Any CPU.ActiveCfg = Release|Any CPU
		{F549234D-A802-4254-BADC-938B902DD888}.Release|Any CPU.Build.0 = Release|Any CPU
		{AC7C92E7-74C5-412D-8EFB-B976B51B82A0}.Debug|Any CPU.ActiveCfg = Debug|Any CPU
		{AC7C92E7-74C5-412D-8EFB-B976B51B82A0}.Debug|Any CPU.Build.0 = Debug|Any CPU
		{AC7C92E7-74C5-412D-8EFB-B976B51B82A0}.Release|Any CPU.ActiveCfg = Release|Any CPU
		{AC7C92E7-74C5-412D-8EFB-B976B51B82A0}.Release|Any CPU.Build.0 = Release|Any CPU
		{051579DE-AFB9-4975-BAD3-7A25E98BE12E}.Debug|Any CPU.ActiveCfg = Debug|Any CPU
		{051579DE-AFB9-4975-BAD3-7A25E98BE12E}.Debug|Any CPU.Build.0 = Debug|Any CPU
		{051579DE-AFB9-4975-BAD3-7A25E98BE12E}.Release|Any CPU.ActiveCfg = Release|Any CPU
		{051579DE-AFB9-4975-BAD3-7A25E98BE12E}.Release|Any CPU.Build.0 = Release|Any CPU
		{C537C6C6-6C74-4823-BE9C-218B13DB38B7}.Debug|Any CPU.ActiveCfg = Debug|Any CPU
		{C537C6C6-6C74-4823-BE9C-218B13DB38B7}.Debug|Any CPU.Build.0 = Debug|Any CPU
		{C537C6C6-6C74-4823-BE9C-218B13DB38B7}.Release|Any CPU.ActiveCfg = Release|Any CPU
		{C537C6C6-6C74-4823-BE9C-218B13DB38B7}.Release|Any CPU.Build.0 = Release|Any CPU
		{49B2086C-038B-4826-BECA-1B08A5850D64}.Debug|Any CPU.ActiveCfg = Debug|Any CPU
		{49B2086C-038B-4826-BECA-1B08A5850D64}.Debug|Any CPU.Build.0 = Debug|Any CPU
		{49B2086C-038B-4826-BECA-1B08A5850D64}.Release|Any CPU.ActiveCfg = Release|Any CPU
		{49B2086C-038B-4826-BECA-1B08A5850D64}.Release|Any CPU.Build.0 = Release|Any CPU
	EndGlobalSection
	GlobalSection(SolutionProperties) = preSolution
		HideSolutionNode = FALSE
	EndGlobalSection
	GlobalSection(ExtensibilityGlobals) = postSolution
		SolutionGuid = {1D27C562-9FDE-447F-A210-2D69F281630F}
	EndGlobalSection
EndGlobal
