
Microsoft Visual Studio Solution File, Format Version 12.00
# Visual Studio Version 17
VisualStudioVersion = 17.14.36623.8 d17.14
MinimumVisualStudioVersion = 10.0.40219.1
Project("{FAE04EC0-301F-11D3-BF4B-00C04F79EFBC}") = "Programa 0", "Programa 0\Programa 0.csproj", "{F549234D-A802-4254-BADC-938B902DD888}"
EndProject
Global
	GlobalSection(SolutionConfigurationPlatforms) = preSolution
		Debug|Any CPU = Debug|Any CPU
		Release|Any CPU = Release|Any CPU
	EndGlobalSection
	GlobalSection(ProjectConfigurationPlatforms) = postSolution
		{F549234D-A802-4254-BADC-938B902DD888}.Debug|Any CPU.ActiveCfg = Debug|Any CPU
		{F549234D-A802-4254-BADC-938B902DD888}.Debug|Any CPU.Build.0 = Debug|Any CPU
		{F549234D-A802-4254-BADC-938B902DD888}.Release|Any CPU.ActiveCfg = Release|Any CPU
		{F549234D-A802-4254-BADC-938B902DD888}.Release|Any CPU.Build.0 = Release|Any CPU
	EndGlobalSection
	GlobalSection(SolutionProperties) = preSolution
		HideSolutionNode = FALSE
	EndGlobalSection
	GlobalSection(ExtensibilityGlobals) = postSolution
		SolutionGuid = {1D27C562-9FDE-447F-A210-2D69F281630F}
	EndGlobalSection
EndGlobal
